
Microsoft Visual Studio Solution File, Format Version 12.00
# Visual Studio Version 17
VisualStudioVersion = 17.14.37710.0 d17.14
MinimumVisualStudioVersion = 10.0.40219.1
Project("{FAE04EC0-301F-11D3-BF4B-00C04F79EFBC}") = "ex", "ex\ex.csproj", "{C281E19C-D857-4016-9008-977288B92AB4}"
EndProject
Global
	GlobalSection(SolutionConfigurationPlatforms) = preSolution
		Debug|Any CPU = Debug|Any CPU
		Release|Any CPU = Release|Any CPU
	EndGlobalSection
	GlobalSection(ProjectConfigurationPlatforms) = postSolution
		{C281E19C-D857-4016-9008-977288B92AB4}.Debug|Any CPU.ActiveCfg = Debug|Any CPU
		{C281E19C-D857-4016-9008-977288B92AB4}.Debug|Any CPU.Build.0 = Debug|Any CPU
		{C281E19C-D857-4016-9008-977288B92AB4}.Release|Any CPU.ActiveCfg = Release|Any CPU
		{C281E19C-D857-4016-9008-977288B92AB4}.Release|Any CPU.Build.0 = Release|Any CPU
	EndGlobalSection
	GlobalSection(SolutionProperties) = preSolution
		HideSolutionNode = FALSE
	EndGlobalSection
	GlobalSection(ExtensibilityGlobals) = postSolution
		SolutionGuid = {49CEBE29-A2E5-4671-AF96-E0C14CA2183B}
	EndGlobalSection
EndGlobal
